{
  "lockfileVersion": 2,
  "configVersion": 1,
  "workspaces": {
    "": {
      "name": "webtor-rs-workspace",
      "devDependencies": {
        "@biomejs/biome": "2.5.13",
        "@types/bun": "^1.3.9",
        "node-datachannel": "^0.33.3",
        "playwright-core": "^1.50.0",
        "typescript": "~5.9.3",
        "wasm-pack": "0.15.0",
      },
    },
  },
  "trustedDependencies": [
    "wasm-pack",
  ],
  "packages": {
    "@biomejs/biome": ["@biomejs/biome@2.5.13", "", { "optionalDependencies": { "@biomejs/cli-darwin-arm64": "2.5.13", "@biomejs/cli-darwin-x64": "2.5.13", "@biomejs/cli-linux-arm64": "2.5.13", "@biomejs/cli-linux-arm64-musl": "2.5.13", "@biomejs/cli-linux-x64": "2.5.13", "@biomejs/cli-linux-x64-musl": "2.5.13", "@biomejs/cli-win32-arm64": "2.5.13", "@biomejs/cli-win32-x64": "2.5.13" }, "bin": { "biome": "bin/biome" } }, "sha512-+SEC/mFk1a+5mvUANZgbZTaiZXs1nj4iMhL/PHiqDT5TPUEPFIlliEtkKKZB4N862yylHC3UI+/Sj2I0HJEqhA=="],

    "@biomejs/cli-darwin-arm64": ["@biomejs/cli-darwin-arm64@2.5.13", "", { "os": "darwin", "cpu": "arm64" }, "sha512-nYSuDJ6zgVqZUkAkJkvhXxsF2PYIrUk/g638K4voCXz7foI9f7b6C2/7+oAihsHQlivZNMUrm/y8ywlcHQtZOw=="],

    "@biomejs/cli-darwin-x64": ["@biomejs/cli-darwin-x64@2.5.13", "", { "os": "darwin", "cpu": "x64" }, "sha512-KVy1ceEDuJ3AzFxjT9kkxbVy+UANw1pjEMUS6lvKfxjJ+fmkRvc7sQn1Xo6ETgseEI7wUQoV03KSga3XfE8YRQ=="],

    "@biomejs/cli-linux-arm64": ["@biomejs/cli-linux-arm64@2.5.13", "", { "os": "linux", "cpu": "arm64" }, "sha512-VlNMtoxOqs0dUR6drxxHr18SNUvI7xxAuHZlH4s/dstYSf3g6RaqVgo8JRnhcOhKz9afWrvtJTboNG1JuYlIDQ=="],

    "@biomejs/cli-linux-arm64-musl": ["@biomejs/cli-linux-arm64-musl@2.5.13", "", { "os": "linux", "cpu": "arm64" }, "sha512-CH32xpep3dNS5EVJpAHlYchkBYznxyVZQrx0b6YYYlPL9u9ZeD2NtqiK/6s64+HFS2a7hGnryLlqqZAOh8ax5g=="],

    "@biomejs/cli-linux-x64": ["@biomejs/cli-linux-x64@2.5.13", "", { "os": "linux", "cpu": "x64" }, "sha512-Fi6gIxbUaJ3ZCIXeG3ggIBPF76O2DjDN67WrPX/ODRv54GeXPm2gbEPC96Yb0yrJoiH0Eax1JLx1Pi0XbsNFZQ=="],

    "@biomejs/cli-linux-x64-musl": ["@biomejs/cli-linux-x64-musl@2.5.13", "", { "os": "linux", "cpu": "x64" }, "sha512-F3pmwl+VHoUuVJN/tbNLKeLt0SVK3EIyN1jXlMcNyQGYRQQTVqXF+GgkP0/CjGXFN87e/mv0sBfUnWqWza5PKQ=="],

    "@biomejs/cli-win32-arm64": ["@biomejs/cli-win32-arm64@2.5.13", "", { "os": "win32", "cpu": "arm64" }, "sha512-+WD13qshXrr0Icv4BfsAdzm8Fs3TL+nZ59zEQxsYNd8lcgZJ0A5+OrlwsL1PipVCmWeRpxgIPD6DAcEd7smkCQ=="],

    "@biomejs/cli-win32-x64": ["@biomejs/cli-win32-x64@2.5.13", "", { "os": "win32", "cpu": "x64" }, "sha512-VOofU/nW761XWzUeUNE8zzYNyPrxuMuNFMizL0qz7J75yeV8N7WFheUlk1/K6dOkaFpH9wJ+lDKlwjAbw0346w=="],

    "@isaacs/fs-minipass": ["@isaacs/fs-minipass@4.0.1", "", { "dependencies": { "minipass": "^7.0.4" } }, "sha512-wgm9Ehl2jpeqP3zw/7mo3kRHFp5MEDhqAdwy1fTGkHAwnkGOVsgpvQhL8B5n1qlb01jV3n/bI0ZfZp5lWA1k4w=="],

    "@node-datachannel/android-arm64": ["@node-datachannel/android-arm64@0.33.2", "", { "os": "android", "cpu": "arm64" }, "sha512-I71a0jICUNYgh4ZI5AcINEMuRtQSVyrpp4FV3kJZMcx31xS0vKKtf06tpsUAtW5uS+uRXbZR+vlMEqS1h710wQ=="],

    "@node-datachannel/darwin-arm64": ["@node-datachannel/darwin-arm64@0.33.2", "", { "os": "darwin", "cpu": "arm64" }, "sha512-EwBGiaMh3MX6zjYoZHuK02Q6hmQQIvR39335Kb/ZnP3fXZU0/VWx6ksHLM6K0XFFYRfP+yJeVgU79g++xoeQpw=="],

    "@node-datachannel/darwin-x64": ["@node-datachannel/darwin-x64@0.33.2", "", { "os": "darwin", "cpu": "x64" }, "sha512-a1nvL6MiskSjV3TWTNXdVpI/2kHNIOP2AbuBZjR5eC7VSrH/6hCFfHIBW4SFKXGFm8LOGliY9Df10UnJUutjwA=="],

    "@node-datachannel/linux-arm64-gnu": ["@node-datachannel/linux-arm64-gnu@0.33.2", "", { "os": "linux", "cpu": "arm64" }, "sha512-YWAu3EiMl2HRi/fwWlfFTW30wFTkRVYJWRHQcI1uDSeZYG/tfyBqBy6CRy9Sgrb0xjOYZ6XhLDj8cdX0foPlpg=="],

    "@node-datachannel/linux-arm64-musl": ["@node-datachannel/linux-arm64-musl@0.33.2", "", { "os": "linux", "cpu": "arm64" }, "sha512-16o3Ny5hbxTTjDmhsZog/t7p2tRP6s/Oa/V9kKzZfiGlCqvxxCE4ACOWw/MWHOhN0xI9/63IIRfrrnQnPxjK8g=="],

    "@node-datachannel/linux-x64-gnu": ["@node-datachannel/linux-x64-gnu@0.33.2", "", { "os": "linux", "cpu": "x64" }, "sha512-grLRAbZgSIX8nmObciblyCmnevDCst0snhV+z1fvDmUlzXIVXeDmv6lEzAaWs3KRleagqwSsFg5d1td1bwMT9w=="],

    "@node-datachannel/linux-x64-musl": ["@node-datachannel/linux-x64-musl@0.33.2", "", { "os": "linux", "cpu": "x64" }, "sha512-PlpgvYjo+gmBhIkRFaZWIhCF335FMTJmCpl+FVa4XliEgyOqD+cvjQPWcbnlrA2Jd+QnLiZt+NxT7nv4QXpoiQ=="],

    "@node-datachannel/win32-arm64-msvc": ["@node-datachannel/win32-arm64-msvc@0.33.2", "", { "os": "win32", "cpu": "arm64" }, "sha512-8NpHkm7R8EY0jHGHOXdK7K0wjWY34PJ+PJY++2VDHTAtXGazNm28zcnVE/4IU0N26YGdCDSSWat3OO3W6nwoRw=="],

    "@node-datachannel/win32-x64-msvc": ["@node-datachannel/win32-x64-msvc@0.33.2", "", { "os": "win32", "cpu": "x64" }, "sha512-aLk0O/M1JNVpzxx4RVBXMJTMlpswE04Cz5baayKwuEN+qk9hO6DSJgYMR6Wq9a5zGYAmvLFlOg+LsePyXkWliA=="],

    "@types/bun": ["@types/bun@1.4.0", "", { "dependencies": { "bun-types": "1.4.0" } }, "sha512-K+lZULY23vRgK/CfTjFIV+tyifaNdSMlPh9j+6mQ/cLfpOznLyAuzgV/JQysyECpkBQLVMSyvjlr2fBUSA9wFQ=="],

    "@types/node": ["@types/node@26.3.0", "", { "dependencies": { "undici-types": "~8.3.0" } }, "sha512-L3fgrnchriRC2ExBflb8j4uZZURHZfQsmQeyVzhjcHW4kkwVyo8/0h1B2MVzMTrYUJYu6G7EWs14hW/L9putqw=="],

    "bun-types": ["bun-types@1.4.0", "", { "dependencies": { "@types/node": "*" } }, "sha512-iIKw23BspnQQYd3prITOBxeUsxBHnwzX6YJfGMuNOZzeNcMmVqzIIVGRm1l69ogaPQmb4wB6BN8mA5bE9YuC5Q=="],

    "chownr": ["chownr@3.0.0", "", {}, "sha512-+IxzY9BZOQd/XuYPRmrvEVjF/nqj5kgT4kEq7VofrDoM1MxoRjEWkrCC3EtLi59TVawxTAn+orJwFQcrqEN1+g=="],

    "detect-libc": ["detect-libc@2.1.2", "", {}, "sha512-Btj2BOOO83o3WyH59e8MgXsxEQVcarkUOpEYrubB0urwnN10yQ364rsiByU11nZlqWYZm05i/of7io4mzihBtQ=="],

    "minipass": ["minipass@7.1.3", "", {}, "sha512-tEBHqDnIoM/1rXME1zgka9g6Q2lcoCkxHLuc7ODJ5BxbP5d4c2Z5cGgtXAku59200Cx7diuHTOYfSBD8n6mm8A=="],

    "minizlib": ["minizlib@3.1.0", "", { "dependencies": { "minipass": "^7.1.2" } }, "sha512-KZxYo1BUkWD2TVFLr0MQoM8vUUigWD3LlD83a/75BqC+4qE0Hb1Vo5v1FgcfaNXvfXzr+5EhQ6ing/CaBijTlw=="],

    "node-datachannel": ["node-datachannel@0.33.3", "", { "dependencies": { "detect-libc": "^2.0.4" }, "optionalDependencies": { "@node-datachannel/android-arm64": "0.33.2", "@node-datachannel/darwin-arm64": "0.33.2", "@node-datachannel/darwin-x64": "0.33.2", "@node-datachannel/linux-arm64-gnu": "0.33.2", "@node-datachannel/linux-arm64-musl": "0.33.2", "@node-datachannel/linux-x64-gnu": "0.33.2", "@node-datachannel/linux-x64-musl": "0.33.2", "@node-datachannel/win32-arm64-msvc": "0.33.2", "@node-datachannel/win32-x64-msvc": "0.33.2" } }, "sha512-Tf7bbOjUXh7gPiWKTFpMDZXpippya6pdsEz3tgxsIJiW+BMLWSaX7O6F9kDjHu0GCan4vSmXlfA8l21O4D+K9Q=="],

    "playwright-core": ["playwright-core@1.62.1", "", { "bin": { "playwright-core": "cli.js" } }, "sha512-wPYSwEBJY9GHraISXqyqtx0na0LpO3XEX7jNDhntbex7tzUS7kLnZsOlFruFJB4Hi/rhDMjXGqHewDZ68nYZVw=="],

    "tar": ["tar@7.5.22", "", { "dependencies": { "@isaacs/fs-minipass": "^4.0.0", "chownr": "^3.0.0", "minipass": "^7.1.2", "minizlib": "^3.1.0", "yallist": "^5.0.0" } }, "sha512-MFO/QzvtAOmJbkhOaCTvbGcFN9L9b+JunIsDwaKljSOdcLMea3NJ1k9Usz/rjdfSXTq4dfzfeS7W4p4YOAAHeA=="],

    "typescript": ["typescript@5.9.3", "", { "bin": { "tsc": "bin/tsc", "tsserver": "bin/tsserver" } }, "sha512-jl1vZzPDinLr9eUt3J/t7V6FgNEw9QjvBPdysz9KfQDD41fQrC2Y4vKQdiaUpFT4bXlb1RHhLpp8wtm6M5TgSw=="],

    "undici-types": ["undici-types@8.3.0", "", {}, "sha512-j375ScV60dom+YkPFIfTLcOiPxkN/buHz5GobjLhixFuANaNs3C9l4GmrWqejgXWJ7BbJcFYpTEUkS1Ge8bpZQ=="],

    "wasm-pack": ["wasm-pack@0.15.0", "", { "dependencies": { "tar": "^7.5.3" }, "bin": { "wasm-pack": "run.js" } }, "sha512-DdqtGWc3+iFx+7lL7QU5LBWs7qMnwQSWxF0htSfE15sNa3roVwHjAkTm2JXgueU2GGfSwNqbq2EzyC2b/biKDA=="],

    "yallist": ["yallist@5.0.0", "", {}, "sha512-YgvUTfwqyc7UXVMrB+SImsVYSmTS8X/tSrtdNZMImM+n7+QTriRXyXim0mBrTXNeqzVF0KWGgHPeiyViFFrNDw=="],
  }
}
